
Microsoft Visual Studio Solution File, Format Version 12.00
# Visual Studio Version 17
VisualStudioVersion = 17.0.31912.275
MinimumVisualStudioVersion = 10.0.40219.1
Project("{2150E333-8FDC-42A3-9474-1A3956D46DE8}") = "Easy", "Easy", "{B17B5EF1-ADAA-4FB8-8177-31EEC2402655}"
EndProject
Project("{2150E333-8FDC-42A3-9474-1A3956D46DE8}") = "PascalTriangle", "PascalTriangle", "{B596DA90-2E87-4CB6-93FB-C76F503F42D6}"
EndProject
Project("{9A19103F-16F7-4668-BE54-9A1E7A4F7556}") = "PascalTriangle", "Easy\PascalTriangle\PascalTriangle.csproj", "{451448C3-2723-4138-A823-18725D220BFA}"
EndProject
Project("{2150E333-8FDC-42A3-9474-1A3956D46DE8}") = "PascalTriangle2", "PascalTriangle2", "{7AFDF645-A9A1-4B63-8C80-34D7D7E7ABDD}"
EndProject
Project("{9A19103F-16F7-4668-BE54-9A1E7A4F7556}") = "PascaleTriangle2", "Easy\PascaleTriangle2\PascaleTriangle2.csproj", "{7DC9BD80-723E-445B-ACFF-EFC6167197B4}"
EndProject
Project("{2150E333-8FDC-42A3-9474-1A3956D46DE8}") = "TwoNumbers", "TwoNumbers", "{74E8E5EF-3E5A-4D7D-95C0-1B90494ED044}"
EndProject
Project("{9A19103F-16F7-4668-BE54-9A1E7A4F7556}") = "TwoNumbers", "Easy\TwoNumbers\TwoNumbers.csproj", "{3646E61C-94BE-4739-8B8D-54FD20201E1D}"
EndProject
Project("{2150E333-8FDC-42A3-9474-1A3956D46DE8}") = "Hard", "Hard", "{7BBF0711-AC03-4079-B8C6-407D90C76180}"
EndProject
Project("{2150E333-8FDC-42A3-9474-1A3956D46DE8}") = "NthMagicalNumber", "NthMagicalNumber", "{C41CFC9E-1C4E-4333-A72A-D00539A0ED43}"
EndProject
Project("{FAE04EC0-301F-11D3-BF4B-00C04F79EFBC}") = "NthMagicalNumber", "Hard\NthMagicalNumber\NthMagicalNumber.csproj", "{C61FA0A7-F933-4EF9-A784-601F8536DD7F}"
EndProject
Global
	GlobalSection(SolutionConfigurationPlatforms) = preSolution
		Debug|Any CPU = Debug|Any CPU
		Release|Any CPU = Release|Any CPU
	EndGlobalSection
	GlobalSection(ProjectConfigurationPlatforms) = postSolution
		{451448C3-2723-4138-A823-18725D220BFA}.Debug|Any CPU.ActiveCfg = Debug|Any CPU
		{451448C3-2723-4138-A823-18725D220BFA}.Debug|Any CPU.Build.0 = Debug|Any CPU
		{451448C3-2723-4138-A823-18725D220BFA}.Release|Any CPU.ActiveCfg = Release|Any CPU
		{451448C3-2723-4138-A823-18725D220BFA}.Release|Any CPU.Build.0 = Release|Any CPU
		{7DC9BD80-723E-445B-ACFF-EFC6167197B4}.Debug|Any CPU.ActiveCfg = Debug|Any CPU
		{7DC9BD80-723E-445B-ACFF-EFC6167197B4}.Debug|Any CPU.Build.0 = Debug|Any CPU
		{7DC9BD80-723E-445B-ACFF-EFC6167197B4}.Release|Any CPU.ActiveCfg = Release|Any CPU
		{7DC9BD80-723E-445B-ACFF-EFC6167197B4}.Release|Any CPU.Build.0 = Release|Any CPU
		{3646E61C-94BE-4739-8B8D-54FD20201E1D}.Debug|Any CPU.ActiveCfg = Debug|Any CPU
		{3646E61C-94BE-4739-8B8D-54FD20201E1D}.Debug|Any CPU.Build.0 = Debug|Any CPU
		{3646E61C-94BE-4739-8B8D-54FD20201E1D}.Release|Any CPU.ActiveCfg = Release|Any CPU
		{3646E61C-94BE-4739-8B8D-54FD20201E1D}.Release|Any CPU.Build.0 = Release|Any CPU
		{C61FA0A7-F933-4EF9-A784-601F8536DD7F}.Debug|Any CPU.ActiveCfg = Debug|Any CPU
		{C61FA0A7-F933-4EF9-A784-601F8536DD7F}.Debug|Any CPU.Build.0 = Debug|Any CPU
		{C61FA0A7-F933-4EF9-A784-601F8536DD7F}.Release|Any CPU.ActiveCfg = Release|Any CPU
		{C61FA0A7-F933-4EF9-A784-601F8536DD7F}.Release|Any CPU.Build.0 = Release|Any CPU
	EndGlobalSection
	GlobalSection(SolutionProperties) = preSolution
		HideSolutionNode = FALSE
	EndGlobalSection
	GlobalSection(NestedProjects) = preSolution
		{B596DA90-2E87-4CB6-93FB-C76F503F42D6} = {B17B5EF1-ADAA-4FB8-8177-31EEC2402655}
		{451448C3-2723-4138-A823-18725D220BFA} = {B596DA90-2E87-4CB6-93FB-C76F503F42D6}
		{7AFDF645-A9A1-4B63-8C80-34D7D7E7ABDD} = {B17B5EF1-ADAA-4FB8-8177-31EEC2402655}
		{7DC9BD80-723E-445B-ACFF-EFC6167197B4} = {7AFDF645-A9A1-4B63-8C80-34D7D7E7ABDD}
		{74E8E5EF-3E5A-4D7D-95C0-1B90494ED044} = {B17B5EF1-ADAA-4FB8-8177-31EEC2402655}
		{3646E61C-94BE-4739-8B8D-54FD20201E1D} = {74E8E5EF-3E5A-4D7D-95C0-1B90494ED044}
		{C41CFC9E-1C4E-4333-A72A-D00539A0ED43} = {7BBF0711-AC03-4079-B8C6-407D90C76180}
		{C61FA0A7-F933-4EF9-A784-601F8536DD7F} = {C41CFC9E-1C4E-4333-A72A-D00539A0ED43}
	EndGlobalSection
	GlobalSection(ExtensibilityGlobals) = postSolution
		SolutionGuid = {7AA8C3AF-0440-4990-82EB-62CEA8F20B98}
	EndGlobalSection
EndGlobal
