
Microsoft Visual Studio Solution File, Format Version 12.00
# Visual Studio Version 17
VisualStudioVersion = 17.0.31912.275
MinimumVisualStudioVersion = 10.0.40219.1
Project("{2150E333-8FDC-42A3-9474-1A3956D46DE8}") = "Easy", "Easy", "{B17B5EF1-ADAA-4FB8-8177-31EEC2402655}"
EndProject
Project("{2150E333-8FDC-42A3-9474-1A3956D46DE8}") = "PascalTriangle", "PascalTriangle", "{B596DA90-2E87-4CB6-93FB-C76F503F42D6}"
EndProject
Project("{9A19103F-16F7-4668-BE54-9A1E7A4F7556}") = "PascalTriangle", "Easy\PascalTriangle\PascalTriangle.csproj", "{451448C3-2723-4138-A823-18725D220BFA}"
EndProject
Global
	GlobalSection(SolutionConfigurationPlatforms) = preSolution
		Debug|Any CPU = Debug|Any CPU
		Release|Any CPU = Release|Any CPU
	EndGlobalSection
	GlobalSection(ProjectConfigurationPlatforms) = postSolution
		{451448C3-2723-4138-A823-18725D220BFA}.Debug|Any CPU.ActiveCfg = Debug|Any CPU
		{451448C3-2723-4138-A823-18725D220BFA}.Debug|Any CPU.Build.0 = Debug|Any CPU
		{451448C3-2723-4138-A823-18725D220BFA}.Release|Any CPU.ActiveCfg = Release|Any CPU
		{451448C3-2723-4138-A823-18725D220BFA}.Release|Any CPU.Build.0 = Release|Any CPU
	EndGlobalSection
	GlobalSection(SolutionProperties) = preSolution
		HideSolutionNode = FALSE
	EndGlobalSection
	GlobalSection(NestedProjects) = preSolution
		{B596DA90-2E87-4CB6-93FB-C76F503F42D6} = {B17B5EF1-ADAA-4FB8-8177-31EEC2402655}
		{451448C3-2723-4138-A823-18725D220BFA} = {B596DA90-2E87-4CB6-93FB-C76F503F42D6}
	EndGlobalSection
	GlobalSection(ExtensibilityGlobals) = postSolution
		SolutionGuid = {7AA8C3AF-0440-4990-82EB-62CEA8F20B98}
	EndGlobalSection
EndGlobal
